
Microsoft Visual Studio Solution File, Format Version 12.00
# Visual Studio Version 17
VisualStudioVersion = 17.8.34525.116
MinimumVisualStudioVersion = 10.0.40219.1
Project("{9A19103F-16F7-4668-BE54-9A1E7A4F7556}") = "Week4Loops", "Week4Loops\Week4Loops.csproj", "{78B627DD-5EE2-4A66-BD9C-0A398579B2A1}"
EndProject
Project("{FAE04EC0-301F-11D3-BF4B-00C04F79EFBC}") = "ForLoopSum", "ForLoopSum\ForLoopSum.csproj", "{2D6F5091-5276-4CB9-BD82-81740B080CDA}"
EndProject
Project("{FAE04EC0-301F-11D3-BF4B-00C04F79EFBC}") = "RandomNumber", "RandomNumber\RandomNumber.csproj", "{4616515A-483F-4F96-9776-8DBB2888C813}"
EndProject
Project("{FAE04EC0-301F-11D3-BF4B-00C04F79EFBC}") = "WhileLoops", "WhileLoops\WhileLoops.csproj", "{F3609E6F-C26D-4676-9F3E-E6203735805F}"
EndProject
Global
	GlobalSection(SolutionConfigurationPlatforms) = preSolution
		Debug|Any CPU = Debug|Any CPU
		Release|Any CPU = Release|Any CPU
	EndGlobalSection
	GlobalSection(ProjectConfigurationPlatforms) = postSolution
		{78B627DD-5EE2-4A66-BD9C-0A398579B2A1}.Debug|Any CPU.ActiveCfg = Debug|Any CPU
		{78B627DD-5EE2-4A66-BD9C-0A398579B2A1}.Debug|Any CPU.Build.0 = Debug|Any CPU
		{78B627DD-5EE2-4A66-BD9C-0A398579B2A1}.Release|Any CPU.ActiveCfg = Release|Any CPU
		{78B627DD-5EE2-4A66-BD9C-0A398579B2A1}.Release|Any CPU.Build.0 = Release|Any CPU
		{2D6F5091-5276-4CB9-BD82-81740B080CDA}.Debug|Any CPU.ActiveCfg = Debug|Any CPU
		{2D6F5091-5276-4CB9-BD82-81740B080CDA}.Debug|Any CPU.Build.0 = Debug|Any CPU
		{2D6F5091-5276-4CB9-BD82-81740B080CDA}.Release|Any CPU.ActiveCfg = Release|Any CPU
		{2D6F5091-5276-4CB9-BD82-81740B080CDA}.Release|Any CPU.Build.0 = Release|Any CPU
		{4616515A-483F-4F96-9776-8DBB2888C813}.Debug|Any CPU.ActiveCfg = Debug|Any CPU
		{4616515A-483F-4F96-9776-8DBB2888C813}.Debug|Any CPU.Build.0 = Debug|Any CPU
		{4616515A-483F-4F96-9776-8DBB2888C813}.Release|Any CPU.ActiveCfg = Release|Any CPU
		{4616515A-483F-4F96-9776-8DBB2888C813}.Release|Any CPU.Build.0 = Release|Any CPU
		{F3609E6F-C26D-4676-9F3E-E6203735805F}.Debug|Any CPU.ActiveCfg = Debug|Any CPU
		{F3609E6F-C26D-4676-9F3E-E6203735805F}.Debug|Any CPU.Build.0 = Debug|Any CPU
		{F3609E6F-C26D-4676-9F3E-E6203735805F}.Release|Any CPU.ActiveCfg = Release|Any CPU
		{F3609E6F-C26D-4676-9F3E-E6203735805F}.Release|Any CPU.Build.0 = Release|Any CPU
	EndGlobalSection
	GlobalSection(SolutionProperties) = preSolution
		HideSolutionNode = FALSE
	EndGlobalSection
	GlobalSection(ExtensibilityGlobals) = postSolution
		SolutionGuid = {2F88B205-1E25-4960-BAA4-323E04F6EF37}
	EndGlobalSection
EndGlobal
